// !$*UTF8*$!
{
	archiveVersion = 1;
	classes = {
	};
	objectVersion = 55;
	objects = {

/* Begin PBXBuildFile section */
		1E5A8645BE0D26714E9DD7B8 /* Pods_Networker.framework in Frameworks */ = {isa = PBXBuildFile; fileRef = F9BA8367F666F7D01BBAB932 /* Pods_Networker.framework */; };
		B62E6558271B2E30008F62AE /* VenrynSans-Regular.ttf in Resources */ = {isa = PBXBuildFile; fileRef = B62E6550271B297E008F62AE /* VenrynSans-Regular.ttf */; };
		B62E6559271B2E32008F62AE /* VenrynSans-Light.ttf in Resources */ = {isa = PBXBuildFile; fileRef = B62E6552271B29F5008F62AE /* VenrynSans-Light.ttf */; };
		B62E655A271B2E34008F62AE /* VenrynSans-SemiBold.ttf in Resources */ = {isa = PBXBuildFile; fileRef = B62E6554271B2A3C008F62AE /* VenrynSans-SemiBold.ttf */; };
		B62E6561271B3F79008F62AE /* Extensions.swift in Sources */ = {isa = PBXBuildFile; fileRef = B62E6560271B3F79008F62AE /* Extensions.swift */; };
		B63456BA271D9E8F00C15085 /* GoogleService-Info.plist in Resources */ = {isa = PBXBuildFile; fileRef = B63456B9271D9E8F00C15085 /* GoogleService-Info.plist */; };
		B63456BC271DAC9F00C15085 /* SignInViewModel.swift in Sources */ = {isa = PBXBuildFile; fileRef = B63456BB271DAC9F00C15085 /* SignInViewModel.swift */; };
		B63456BF271DAEDF00C15085 /* AuthManager.swift in Sources */ = {isa = PBXBuildFile; fileRef = B63456BE271DAEDF00C15085 /* AuthManager.swift */; };
		B63456C3271DB87200C15085 /* ConfirmationViewModel.swift in Sources */ = {isa = PBXBuildFile; fileRef = B63456C2271DB87200C15085 /* ConfirmationViewModel.swift */; };
		B63456C6271DC46200C15085 /* FeedViewController.swift in Sources */ = {isa = PBXBuildFile; fileRef = B63456C5271DC46200C15085 /* FeedViewController.swift */; };
		B63456C9271DC48100C15085 /* FeedViewModel.swift in Sources */ = {isa = PBXBuildFile; fileRef = B63456C8271DC48100C15085 /* FeedViewModel.swift */; };
		B63456CC271DC4A500C15085 /* ProfileViewController.swift in Sources */ = {isa = PBXBuildFile; fileRef = B63456CB271DC4A500C15085 /* ProfileViewController.swift */; };
		B63456CE271DC4B600C15085 /* ProfileViewModel.swift in Sources */ = {isa = PBXBuildFile; fileRef = B63456CD271DC4B600C15085 /* ProfileViewModel.swift */; };
		B63456D1271DC4CA00C15085 /* FavoriteViewController.swift in Sources */ = {isa = PBXBuildFile; fileRef = B63456D0271DC4CA00C15085 /* FavoriteViewController.swift */; };
		B63456D3271DC4D600C15085 /* FavoriteViewModel.swift in Sources */ = {isa = PBXBuildFile; fileRef = B63456D2271DC4D600C15085 /* FavoriteViewModel.swift */; };
		B63456D5271DC56000C15085 /* TabBarViewController.swift in Sources */ = {isa = PBXBuildFile; fileRef = B63456D4271DC56000C15085 /* TabBarViewController.swift */; };
		B638002B271F0CAE0082AF30 /* 68367-newspaper-loading.json in Resources */ = {isa = PBXBuildFile; fileRef = B638002A271F0CAE0082AF30 /* 68367-newspaper-loading.json */; };
		B638002D271F0F070082AF30 /* 65696-tick-animation-success-feedback.json in Resources */ = {isa = PBXBuildFile; fileRef = B638002C271F0F070082AF30 /* 65696-tick-animation-success-feedback.json */; };
		B638002F271F13300082AF30 /* StartViewController.swift in Sources */ = {isa = PBXBuildFile; fileRef = B638002E271F13300082AF30 /* StartViewController.swift */; };
		B638003227207A760082AF30 /* UserProfile.swift in Sources */ = {isa = PBXBuildFile; fileRef = B638003127207A760082AF30 /* UserProfile.swift */; };
		B638003427207AFC0082AF30 /* PostModel.swift in Sources */ = {isa = PBXBuildFile; fileRef = B638003327207AFC0082AF30 /* PostModel.swift */; };
		B638003727207CEA0082AF30 /* HistoryCollectionView.swift in Sources */ = {isa = PBXBuildFile; fileRef = B638003627207CEA0082AF30 /* HistoryCollectionView.swift */; };
		B638003927207E130082AF30 /* HistoryCollectionViewCell.swift in Sources */ = {isa = PBXBuildFile; fileRef = B638003827207E130082AF30 /* HistoryCollectionViewCell.swift */; };
		B638003D2722C1A80082AF30 /* FeedTableView.swift in Sources */ = {isa = PBXBuildFile; fileRef = B638003C2722C1A80082AF30 /* FeedTableView.swift */; };
		B638003F2722C1B40082AF30 /* FeedTableViewCell.swift in Sources */ = {isa = PBXBuildFile; fileRef = B638003E2722C1B40082AF30 /* FeedTableViewCell.swift */; };
		B6380043272577710082AF30 /* APIManager.swift in Sources */ = {isa = PBXBuildFile; fileRef = B6380042272577710082AF30 /* APIManager.swift */; };
		B63800452725A28A0082AF30 /* FeedHeaderView.swift in Sources */ = {isa = PBXBuildFile; fileRef = B63800442725A28A0082AF30 /* FeedHeaderView.swift */; };
		B6ABB8D4271B58E400C75B6A /* SignInViewController.swift in Sources */ = {isa = PBXBuildFile; fileRef = B6ABB8D3271B58E400C75B6A /* SignInViewController.swift */; };
		B6ABB8D6271C5DF900C75B6A /* ConfirmationViewController.swift in Sources */ = {isa = PBXBuildFile; fileRef = B6ABB8D5271C5DF900C75B6A /* ConfirmationViewController.swift */; };
		B6B647C9272B21FB00DA93D1 /* ColorExtension.swift in Sources */ = {isa = PBXBuildFile; fileRef = B6B647C8272B21FB00DA93D1 /* ColorExtension.swift */; };
		B6B647CB272C410200DA93D1 /* FeedTableViewCellHeaderView.swift in Sources */ = {isa = PBXBuildFile; fileRef = B6B647CA272C410200DA93D1 /* FeedTableViewCellHeaderView.swift */; };
		B6CDFE69271B174C001AFBB2 /* AppDelegate.swift in Sources */ = {isa = PBXBuildFile; fileRef = B6CDFE68271B174C001AFBB2 /* AppDelegate.swift */; };
		B6CDFE6B271B174C001AFBB2 /* SceneDelegate.swift in Sources */ = {isa = PBXBuildFile; fileRef = B6CDFE6A271B174C001AFBB2 /* SceneDelegate.swift */; };
		B6CDFE6D271B174C001AFBB2 /* LoginViewController.swift in Sources */ = {isa = PBXBuildFile; fileRef = B6CDFE6C271B174C001AFBB2 /* LoginViewController.swift */; };
		B6CDFE72271B174D001AFBB2 /* Assets.xcassets in Resources */ = {isa = PBXBuildFile; fileRef = B6CDFE71271B174D001AFBB2 /* Assets.xcassets */; };
		B6CDFE75271B174D001AFBB2 /* LaunchScreen.storyboard in Resources */ = {isa = PBXBuildFile; fileRef = B6CDFE73271B174D001AFBB2 /* LaunchScreen.storyboard */; };
		B6CDFE7D271B1900001AFBB2 /* AppCoordinator.swift in Sources */ = {isa = PBXBuildFile; fileRef = B6CDFE7C271B1900001AFBB2 /* AppCoordinator.swift */; };
/* End PBXBuildFile section */

/* Begin PBXFileReference section */
		B62E6550271B297E008F62AE /* VenrynSans-Regular.ttf */ = {isa = PBXFileReference; lastKnownFileType = file; path = "VenrynSans-Regular.ttf"; sourceTree = "<group>"; };
		B62E6552271B29F5008F62AE /* VenrynSans-Light.ttf */ = {isa = PBXFileReference; lastKnownFileType = file; path = "VenrynSans-Light.ttf"; sourceTree = "<group>"; };
		B62E6554271B2A3C008F62AE /* VenrynSans-SemiBold.ttf */ = {isa = PBXFileReference; lastKnownFileType = file; path = "VenrynSans-SemiBold.ttf"; sourceTree = "<group>"; };
		B62E6560271B3F79008F62AE /* Extensions.swift */ = {isa = PBXFileReference; lastKnownFileType = sourcecode.swift; path = Extensions.swift; sourceTree = "<group>"; };
		B63456B9271D9E8F00C15085 /* GoogleService-Info.plist */ = {isa = PBXFileReference; fileEncoding = 4; lastKnownFileType = text.plist.xml; path = "GoogleService-Info.plist"; sourceTree = "<group>"; };
		B63456BB271DAC9F00C15085 /* SignInViewModel.swift */ = {isa = PBXFileReference; lastKnownFileType = sourcecode.swift; path = SignInViewModel.swift; sourceTree = "<group>"; };
		B63456BE271DAEDF00C15085 /* AuthManager.swift */ = {isa = PBXFileReference; lastKnownFileType = sourcecode.swift; path = AuthManager.swift; sourceTree = "<group>"; };
		B63456C2271DB87200C15085 /* ConfirmationViewModel.swift */ = {isa = PBXFileReference; lastKnownFileType = sourcecode.swift; path = ConfirmationViewModel.swift; sourceTree = "<group>"; };
		B63456C5271DC46200C15085 /* FeedViewController.swift */ = {isa = PBXFileReference; lastKnownFileType = sourcecode.swift; path = FeedViewController.swift; sourceTree = "<group>"; };
		B63456C8271DC48100C15085 /* FeedViewModel.swift */ = {isa = PBXFileReference; lastKnownFileType = sourcecode.swift; path = FeedViewModel.swift; sourceTree = "<group>"; };
		B63456CB271DC4A500C15085 /* ProfileViewController.swift */ = {isa = PBXFileReference; lastKnownFileType = sourcecode.swift; path = ProfileViewController.swift; sourceTree = "<group>"; };
		B63456CD271DC4B600C15085 /* ProfileViewModel.swift */ = {isa = PBXFileReference; lastKnownFileType = sourcecode.swift; path = ProfileViewModel.swift; sourceTree = "<group>"; };
		B63456D0271DC4CA00C15085 /* FavoriteViewController.swift */ = {isa = PBXFileReference; lastKnownFileType = sourcecode.swift; path = FavoriteViewController.swift; sourceTree = "<group>"; };
		B63456D2271DC4D600C15085 /* FavoriteViewModel.swift */ = {isa = PBXFileReference; lastKnownFileType = sourcecode.swift; path = FavoriteViewModel.swift; sourceTree = "<group>"; };
		B63456D4271DC56000C15085 /* TabBarViewController.swift */ = {isa = PBXFileReference; lastKnownFileType = sourcecode.swift; path = TabBarViewController.swift; sourceTree = "<group>"; };
		B638002A271F0CAE0082AF30 /* 68367-newspaper-loading.json */ = {isa = PBXFileReference; fileEncoding = 4; lastKnownFileType = text.json; path = "68367-newspaper-loading.json"; sourceTree = "<group>"; };
		B638002C271F0F070082AF30 /* 65696-tick-animation-success-feedback.json */ = {isa = PBXFileReference; fileEncoding = 4; lastKnownFileType = text.json; path = "65696-tick-animation-success-feedback.json"; sourceTree = "<group>"; };
		B638002E271F13300082AF30 /* StartViewController.swift */ = {isa = PBXFileReference; lastKnownFileType = sourcecode.swift; path = StartViewController.swift; sourceTree = "<group>"; };
		B638003127207A760082AF30 /* UserProfile.swift */ = {isa = PBXFileReference; lastKnownFileType = sourcecode.swift; path = UserProfile.swift; sourceTree = "<group>"; };
		B638003327207AFC0082AF30 /* PostModel.swift */ = {isa = PBXFileReference; lastKnownFileType = sourcecode.swift; path = PostModel.swift; sourceTree = "<group>"; };
		B638003627207CEA0082AF30 /* HistoryCollectionView.swift */ = {isa = PBXFileReference; lastKnownFileType = sourcecode.swift; path = HistoryCollectionView.swift; sourceTree = "<group>"; };
		B638003827207E130082AF30 /* HistoryCollectionViewCell.swift */ = {isa = PBXFileReference; lastKnownFileType = sourcecode.swift; path = HistoryCollectionViewCell.swift; sourceTree = "<group>"; };
		B638003C2722C1A80082AF30 /* FeedTableView.swift */ = {isa = PBXFileReference; lastKnownFileType = sourcecode.swift; path = FeedTableView.swift; sourceTree = "<group>"; };
		B638003E2722C1B40082AF30 /* FeedTableViewCell.swift */ = {isa = PBXFileReference; lastKnownFileType = sourcecode.swift; path = FeedTableViewCell.swift; sourceTree = "<group>"; };
		B6380042272577710082AF30 /* APIManager.swift */ = {isa = PBXFileReference; lastKnownFileType = sourcecode.swift; path = APIManager.swift; sourceTree = "<group>"; };
		B63800442725A28A0082AF30 /* FeedHeaderView.swift */ = {isa = PBXFileReference; lastKnownFileType = sourcecode.swift; path = FeedHeaderView.swift; sourceTree = "<group>"; };
		B6ABB8D3271B58E400C75B6A /* SignInViewController.swift */ = {isa = PBXFileReference; lastKnownFileType = sourcecode.swift; path = SignInViewController.swift; sourceTree = "<group>"; };
		B6ABB8D5271C5DF900C75B6A /* ConfirmationViewController.swift */ = {isa = PBXFileReference; lastKnownFileType = sourcecode.swift; path = ConfirmationViewController.swift; sourceTree = "<group>"; };
		B6B647C8272B21FB00DA93D1 /* ColorExtension.swift */ = {isa = PBXFileReference; lastKnownFileType = sourcecode.swift; path = ColorExtension.swift; sourceTree = "<group>"; };
		B6B647CA272C410200DA93D1 /* FeedTableViewCellHeaderView.swift */ = {isa = PBXFileReference; lastKnownFileType = sourcecode.swift; path = FeedTableViewCellHeaderView.swift; sourceTree = "<group>"; };
		B6CDFE65271B174C001AFBB2 /* Networker.app */ = {isa = PBXFileReference; explicitFileType = wrapper.application; includeInIndex = 0; path = Networker.app; sourceTree = BUILT_PRODUCTS_DIR; };
		B6CDFE68271B174C001AFBB2 /* AppDelegate.swift */ = {isa = PBXFileReference; lastKnownFileType = sourcecode.swift; path = AppDelegate.swift; sourceTree = "<group>"; };
		B6CDFE6A271B174C001AFBB2 /* SceneDelegate.swift */ = {isa = PBXFileReference; lastKnownFileType = sourcecode.swift; path = SceneDelegate.swift; sourceTree = "<group>"; };
		B6CDFE6C271B174C001AFBB2 /* LoginViewController.swift */ = {isa = PBXFileReference; lastKnownFileType = sourcecode.swift; path = LoginViewController.swift; sourceTree = "<group>"; };
		B6CDFE71271B174D001AFBB2 /* Assets.xcassets */ = {isa = PBXFileReference; lastKnownFileType = folder.assetcatalog; path = Assets.xcassets; sourceTree = "<group>"; };
		B6CDFE74271B174D001AFBB2 /* Base */ = {isa = PBXFileReference; lastKnownFileType = file.storyboard; name = Base; path = Base.lproj/LaunchScreen.storyboard; sourceTree = "<group>"; };
		B6CDFE76271B174D001AFBB2 /* Info.plist */ = {isa = PBXFileReference; lastKnownFileType = text.plist.xml; path = Info.plist; sourceTree = "<group>"; };
		B6CDFE7C271B1900001AFBB2 /* AppCoordinator.swift */ = {isa = PBXFileReference; lastKnownFileType = sourcecode.swift; path = AppCoordinator.swift; sourceTree = "<group>"; };
		C617B084F03C11A23FACB91C /* Pods-Networker.release.xcconfig */ = {isa = PBXFileReference; includeInIndex = 1; lastKnownFileType = text.xcconfig; name = "Pods-Networker.release.xcconfig"; path = "Target Support Files/Pods-Networker/Pods-Networker.release.xcconfig"; sourceTree = "<group>"; };
		CD769E24A819ECF73AA95F2A /* Pods-Networker.debug.xcconfig */ = {isa = PBXFileReference; includeInIndex = 1; lastKnownFileType = text.xcconfig; name = "Pods-Networker.debug.xcconfig"; path = "Target Support Files/Pods-Networker/Pods-Networker.debug.xcconfig"; sourceTree = "<group>"; };
		F9BA8367F666F7D01BBAB932 /* Pods_Networker.framework */ = {isa = PBXFileReference; explicitFileType = wrapper.framework; includeInIndex = 0; path = Pods_Networker.framework; sourceTree = BUILT_PRODUCTS_DIR; };
/* End PBXFileReference section */

/* Begin PBXFrameworksBuildPhase section */
		B6CDFE62271B174C001AFBB2 /* Frameworks */ = {
			isa = PBXFrameworksBuildPhase;
			buildActionMask = 2147483647;
			files = (
				1E5A8645BE0D26714E9DD7B8 /* Pods_Networker.framework in Frameworks */,
			);
			runOnlyForDeploymentPostprocessing = 0;
		};
/* End PBXFrameworksBuildPhase section */

/* Begin PBXGroup section */
		3F1C876268FAEF07FE2850B2 /* Frameworks */ = {
			isa = PBXGroup;
			children = (
				F9BA8367F666F7D01BBAB932 /* Pods_Networker.framework */,
			);
			name = Frameworks;
			sourceTree = "<group>";
		};
		534B1291C98A3B34D052D2E7 /* Pods */ = {
			isa = PBXGroup;
			children = (
				CD769E24A819ECF73AA95F2A /* Pods-Networker.debug.xcconfig */,
				C617B084F03C11A23FACB91C /* Pods-Networker.release.xcconfig */,
			);
			path = Pods;
			sourceTree = "<group>";
		};
		B62E6557271B2D9C008F62AE /* Fonts */ = {
			isa = PBXGroup;
			children = (
				B62E6550271B297E008F62AE /* VenrynSans-Regular.ttf */,
				B62E6552271B29F5008F62AE /* VenrynSans-Light.ttf */,
				B62E6554271B2A3C008F62AE /* VenrynSans-SemiBold.ttf */,
				B6B647C8272B21FB00DA93D1 /* ColorExtension.swift */,
			);
			path = Fonts;
			sourceTree = "<group>";
		};
		B62E655F271B30A6008F62AE /* Login */ = {
			isa = PBXGroup;
			children = (
				B6CDFE6C271B174C001AFBB2 /* LoginViewController.swift */,
				B638002E271F13300082AF30 /* StartViewController.swift */,
				B63456C0271DB83C00C15085 /* SignIn */,
				B63456C1271DB85300C15085 /* Confirmation */,
			);
			path = Login;
			sourceTree = "<group>";
		};
		B63456BD271DAECE00C15085 /* Managers */ = {
			isa = PBXGroup;
			children = (
				B63456BE271DAEDF00C15085 /* AuthManager.swift */,
				B6380042272577710082AF30 /* APIManager.swift */,
			);
			path = Managers;
			sourceTree = "<group>";
		};
		B63456C0271DB83C00C15085 /* SignIn */ = {
			isa = PBXGroup;
			children = (
				B6ABB8D3271B58E400C75B6A /* SignInViewController.swift */,
				B63456BB271DAC9F00C15085 /* SignInViewModel.swift */,
			);
			path = SignIn;
			sourceTree = "<group>";
		};
		B63456C1271DB85300C15085 /* Confirmation */ = {
			isa = PBXGroup;
			children = (
				B6ABB8D5271C5DF900C75B6A /* ConfirmationViewController.swift */,
				B63456C2271DB87200C15085 /* ConfirmationViewModel.swift */,
			);
			path = Confirmation;
			sourceTree = "<group>";
		};
		B63456C4271DC42A00C15085 /* MainViewControllers */ = {
			isa = PBXGroup;
			children = (
				B63456D4271DC56000C15085 /* TabBarViewController.swift */,
				B63456C7271DC46500C15085 /* Feed */,
				B63456CA271DC48500C15085 /* Profile */,
				B63456CF271DC4BB00C15085 /* Favorite */,
			);
			path = MainViewControllers;
			sourceTree = "<group>";
		};
		B63456C7271DC46500C15085 /* Feed */ = {
			isa = PBXGroup;
			children = (
				B638003A27208BFF0082AF30 /* FeedTableView */,
				B63456C5271DC46200C15085 /* FeedViewController.swift */,
				B63456C8271DC48100C15085 /* FeedViewModel.swift */,
			);
			path = Feed;
			sourceTree = "<group>";
		};
		B63456CA271DC48500C15085 /* Profile */ = {
			isa = PBXGroup;
			children = (
				B63456CB271DC4A500C15085 /* ProfileViewController.swift */,
				B63456CD271DC4B600C15085 /* ProfileViewModel.swift */,
			);
			path = Profile;
			sourceTree = "<group>";
		};
		B63456CF271DC4BB00C15085 /* Favorite */ = {
			isa = PBXGroup;
			children = (
				B63456D0271DC4CA00C15085 /* FavoriteViewController.swift */,
				B63456D2271DC4D600C15085 /* FavoriteViewModel.swift */,
			);
			path = Favorite;
			sourceTree = "<group>";
		};
		B6380029271F0C9B0082AF30 /* AnimationFiles */ = {
			isa = PBXGroup;
			children = (
				B638002A271F0CAE0082AF30 /* 68367-newspaper-loading.json */,
				B638002C271F0F070082AF30 /* 65696-tick-animation-success-feedback.json */,
			);
			path = AnimationFiles;
			sourceTree = "<group>";
		};
		B638003027207A580082AF30 /* DataModels */ = {
			isa = PBXGroup;
			children = (
				B638003127207A760082AF30 /* UserProfile.swift */,
				B638003327207AFC0082AF30 /* PostModel.swift */,
			);
			path = DataModels;
			sourceTree = "<group>";
		};
		B638003527207CBB0082AF30 /* HistroriesCollection */ = {
			isa = PBXGroup;
			children = (
				B638003627207CEA0082AF30 /* HistoryCollectionView.swift */,
				B638003827207E130082AF30 /* HistoryCollectionViewCell.swift */,
			);
			path = HistroriesCollection;
			sourceTree = "<group>";
		};
		B638003A27208BFF0082AF30 /* FeedTableView */ = {
			isa = PBXGroup;
			children = (
				B638003527207CBB0082AF30 /* HistroriesCollection */,
				B638003C2722C1A80082AF30 /* FeedTableView.swift */,
				B638003E2722C1B40082AF30 /* FeedTableViewCell.swift */,
				B6B647CA272C410200DA93D1 /* FeedTableViewCellHeaderView.swift */,
				B63800442725A28A0082AF30 /* FeedHeaderView.swift */,
			);
			path = FeedTableView;
			sourceTree = "<group>";
		};
		B638003B2722C0E20082AF30 /* CommonFiles */ = {
			isa = PBXGroup;
			children = (
				B62E6557271B2D9C008F62AE /* Fonts */,
				B6CDFE7C271B1900001AFBB2 /* AppCoordinator.swift */,
				B6CDFE68271B174C001AFBB2 /* AppDelegate.swift */,
				B6CDFE6A271B174C001AFBB2 /* SceneDelegate.swift */,
				B6CDFE73271B174D001AFBB2 /* LaunchScreen.storyboard */,
				B62E6560271B3F79008F62AE /* Extensions.swift */,
			);
			path = CommonFiles;
			sourceTree = "<group>";
		};
		B6CDFE5C271B174C001AFBB2 = {
			isa = PBXGroup;
			children = (
				B6CDFE67271B174C001AFBB2 /* Networker */,
				B6CDFE66271B174C001AFBB2 /* Products */,
				534B1291C98A3B34D052D2E7 /* Pods */,
				3F1C876268FAEF07FE2850B2 /* Frameworks */,
			);
			sourceTree = "<group>";
		};
		B6CDFE66271B174C001AFBB2 /* Products */ = {
			isa = PBXGroup;
			children = (
				B6CDFE65271B174C001AFBB2 /* Networker.app */,
			);
			name = Products;
			sourceTree = "<group>";
		};
		B6CDFE67271B174C001AFBB2 /* Networker */ = {
			isa = PBXGroup;
			children = (
				B638003B2722C0E20082AF30 /* CommonFiles */,
				B638003027207A580082AF30 /* DataModels */,
				B6380029271F0C9B0082AF30 /* AnimationFiles */,
				B63456BD271DAECE00C15085 /* Managers */,
				B62E655F271B30A6008F62AE /* Login */,
				B63456C4271DC42A00C15085 /* MainViewControllers */,
				B6CDFE71271B174D001AFBB2 /* Assets.xcassets */,
				B6CDFE76271B174D001AFBB2 /* Info.plist */,
				B63456B9271D9E8F00C15085 /* GoogleService-Info.plist */,
			);
			path = Networker;
			sourceTree = "<group>";
		};
/* End PBXGroup section */

/* Begin PBXNativeTarget section */
		B6CDFE64271B174C001AFBB2 /* Networker */ = {
			isa = PBXNativeTarget;
			buildConfigurationList = B6CDFE79271B174D001AFBB2 /* Build configuration list for PBXNativeTarget "Networker" */;
			buildPhases = (
				BCE6A431471B095FE012ADC8 /* [CP] Check Pods Manifest.lock */,
				B6CDFE61271B174C001AFBB2 /* Sources */,
				B6CDFE62271B174C001AFBB2 /* Frameworks */,
				B6CDFE63271B174C001AFBB2 /* Resources */,
				8594FE9007C2ACACFA3A7BD1 /* [CP] Embed Pods Frameworks */,
			);
			buildRules = (
			);
			dependencies = (
			);
			name = Networker;
			productName = Networker;
			productReference = B6CDFE65271B174C001AFBB2 /* Networker.app */;
			productType = "com.apple.product-type.application";
		};
/* End PBXNativeTarget section */

/* Begin PBXProject section */
		B6CDFE5D271B174C001AFBB2 /* Project object */ = {
			isa = PBXProject;
			attributes = {
				BuildIndependentTargetsInParallel = 1;
				LastSwiftUpdateCheck = 1300;
				LastUpgradeCheck = 1300;
				TargetAttributes = {
					B6CDFE64271B174C001AFBB2 = {
						CreatedOnToolsVersion = 13.0;
					};
				};
			};
			buildConfigurationList = B6CDFE60271B174C001AFBB2 /* Build configuration list for PBXProject "Networker" */;
			compatibilityVersion = "Xcode 13.0";
			developmentRegion = en;
			hasScannedForEncodings = 0;
			knownRegions = (
				en,
				Base,
			);
			mainGroup = B6CDFE5C271B174C001AFBB2;
			productRefGroup = B6CDFE66271B174C001AFBB2 /* Products */;
			projectDirPath = "";
			projectRoot = "";
			targets = (
				B6CDFE64271B174C001AFBB2 /* Networker */,
			);
		};
/* End PBXProject section */

/* Begin PBXResourcesBuildPhase section */
		B6CDFE63271B174C001AFBB2 /* Resources */ = {
			isa = PBXResourcesBuildPhase;
			buildActionMask = 2147483647;
			files = (
				B62E6559271B2E32008F62AE /* VenrynSans-Light.ttf in Resources */,
				B63456BA271D9E8F00C15085 /* GoogleService-Info.plist in Resources */,
				B62E655A271B2E34008F62AE /* VenrynSans-SemiBold.ttf in Resources */,
				B638002B271F0CAE0082AF30 /* 68367-newspaper-loading.json in Resources */,
				B6CDFE75271B174D001AFBB2 /* LaunchScreen.storyboard in Resources */,
				B62E6558271B2E30008F62AE /* VenrynSans-Regular.ttf in Resources */,
				B6CDFE72271B174D001AFBB2 /* Assets.xcassets in Resources */,
				B638002D271F0F070082AF30 /* 65696-tick-animation-success-feedback.json in Resources */,
			);
			runOnlyForDeploymentPostprocessing = 0;
		};
/* End PBXResourcesBuildPhase section */

/* Begin PBXShellScriptBuildPhase section */
		8594FE9007C2ACACFA3A7BD1 /* [CP] Embed Pods Frameworks */ = {
			isa = PBXShellScriptBuildPhase;
			buildActionMask = 2147483647;
			files = (
			);
			inputFileListPaths = (
				"${PODS_ROOT}/Target Support Files/Pods-Networker/Pods-Networker-frameworks-${CONFIGURATION}-input-files.xcfilelist",
			);
			name = "[CP] Embed Pods Frameworks";
			outputFileListPaths = (
				"${PODS_ROOT}/Target Support Files/Pods-Networker/Pods-Networker-frameworks-${CONFIGURATION}-output-files.xcfilelist",
			);
			runOnlyForDeploymentPostprocessing = 0;
			shellPath = /bin/sh;
			shellScript = "\"${PODS_ROOT}/Target Support Files/Pods-Networker/Pods-Networker-frameworks.sh\"\n";
			showEnvVarsInLog = 0;
		};
		BCE6A431471B095FE012ADC8 /* [CP] Check Pods Manifest.lock */ = {
			isa = PBXShellScriptBuildPhase;
			buildActionMask = 2147483647;
			files = (
			);
			inputFileListPaths = (
			);
			inputPaths = (
				"${PODS_PODFILE_DIR_PATH}/Podfile.lock",
				"${PODS_ROOT}/Manifest.lock",
			);
			name = "[CP] Check Pods Manifest.lock";
			outputFileListPaths = (
			);
			outputPaths = (
				"$(DERIVED_FILE_DIR)/Pods-Networker-checkManifestLockResult.txt",
			);
			runOnlyForDeploymentPostprocessing = 0;
			shellPath = /bin/sh;
			shellScript = "diff \"${PODS_PODFILE_DIR_PATH}/Podfile.lock\" \"${PODS_ROOT}/Manifest.lock\" > /dev/null\nif [ $? != 0 ] ; then\n    # print error to STDERR\n    echo \"error: The sandbox is not in sync with the Podfile.lock. Run 'pod install' or update your CocoaPods installation.\" >&2\n    exit 1\nfi\n# This output is used by Xcode 'outputs' to avoid re-running this script phase.\necho \"SUCCESS\" > \"${SCRIPT_OUTPUT_FILE_0}\"\n";
			showEnvVarsInLog = 0;
		};
/* End PBXShellScriptBuildPhase section */

/* Begin PBXSourcesBuildPhase section */
		B6CDFE61271B174C001AFBB2 /* Sources */ = {
			isa = PBXSourcesBuildPhase;
			buildActionMask = 2147483647;
			files = (
				B63800452725A28A0082AF30 /* FeedHeaderView.swift in Sources */,
				B6ABB8D4271B58E400C75B6A /* SignInViewController.swift in Sources */,
				B63456C3271DB87200C15085 /* ConfirmationViewModel.swift in Sources */,
				B6CDFE7D271B1900001AFBB2 /* AppCoordinator.swift in Sources */,
				B62E6561271B3F79008F62AE /* Extensions.swift in Sources */,
				B638003F2722C1B40082AF30 /* FeedTableViewCell.swift in Sources */,
				B63456D5271DC56000C15085 /* TabBarViewController.swift in Sources */,
				B638003227207A760082AF30 /* UserProfile.swift in Sources */,
				B63456CC271DC4A500C15085 /* ProfileViewController.swift in Sources */,
				B6CDFE6D271B174C001AFBB2 /* LoginViewController.swift in Sources */,
				B63456D1271DC4CA00C15085 /* FavoriteViewController.swift in Sources */,
				B6380043272577710082AF30 /* APIManager.swift in Sources */,
				B6CDFE69271B174C001AFBB2 /* AppDelegate.swift in Sources */,
				B638003427207AFC0082AF30 /* PostModel.swift in Sources */,
				B63456BC271DAC9F00C15085 /* SignInViewModel.swift in Sources */,
				B6CDFE6B271B174C001AFBB2 /* SceneDelegate.swift in Sources */,
				B638003D2722C1A80082AF30 /* FeedTableView.swift in Sources */,
				B6B647CB272C410200DA93D1 /* FeedTableViewCellHeaderView.swift in Sources */,
				B638003727207CEA0082AF30 /* HistoryCollectionView.swift in Sources */,
				B6B647C9272B21FB00DA93D1 /* ColorExtension.swift in Sources */,
				B63456CE271DC4B600C15085 /* ProfileViewModel.swift in Sources */,
				B638003927207E130082AF30 /* HistoryCollectionViewCell.swift in Sources */,
				B6ABB8D6271C5DF900C75B6A /* ConfirmationViewController.swift in Sources */,
				B638002F271F13300082AF30 /* StartViewController.swift in Sources */,
				B63456D3271DC4D600C15085 /* FavoriteViewModel.swift in Sources */,
				B63456C6271DC46200C15085 /* FeedViewController.swift in Sources */,
				B63456BF271DAEDF00C15085 /* AuthManager.swift in Sources */,
				B63456C9271DC48100C15085 /* FeedViewModel.swift in Sources */,
			);
			runOnlyForDeploymentPostprocessing = 0;
		};
/* End PBXSourcesBuildPhase section */

/* Begin PBXVariantGroup section */
		B6CDFE73271B174D001AFBB2 /* LaunchScreen.storyboard */ = {
			isa = PBXVariantGroup;
			children = (
				B6CDFE74271B174D001AFBB2 /* Base */,
			);
			name = LaunchScreen.storyboard;
			sourceTree = "<group>";
		};
/* End PBXVariantGroup section */

/* Begin XCBuildConfiguration section */
		B6CDFE77271B174D001AFBB2 /* Debug */ = {
			isa = XCBuildConfiguration;
			buildSettings = {
				ALWAYS_SEARCH_USER_PATHS = NO;
				CLANG_ANALYZER_NONNULL = YES;
				CLANG_ANALYZER_NUMBER_OBJECT_CONVERSION = YES_AGGRESSIVE;
				CLANG_CXX_LANGUAGE_STANDARD = "gnu++17";
				CLANG_CXX_LIBRARY = "libc++";
				CLANG_ENABLE_MODULES = YES;
				CLANG_ENABLE_OBJC_ARC = YES;
				CLANG_ENABLE_OBJC_WEAK = YES;
				CLANG_WARN_BLOCK_CAPTURE_AUTORELEASING = YES;
				CLANG_WARN_BOOL_CONVERSION = YES;
				CLANG_WARN_COMMA = YES;
				CLANG_WARN_CONSTANT_CONVERSION = YES;
				CLANG_WARN_DEPRECATED_OBJC_IMPLEMENTATIONS = YES;
				CLANG_WARN_DIRECT_OBJC_ISA_USAGE = YES_ERROR;
				CLANG_WARN_DOCUMENTATION_COMMENTS = YES;
				CLANG_WARN_EMPTY_BODY = YES;
				CLANG_WARN_ENUM_CONVERSION = YES;
				CLANG_WARN_INFINITE_RECURSION = YES;
				CLANG_WARN_INT_CONVERSION = YES;
				CLANG_WARN_NON_LITERAL_NULL_CONVERSION = YES;
				CLANG_WARN_OBJC_IMPLICIT_RETAIN_SELF = YES;
				CLANG_WARN_OBJC_LITERAL_CONVERSION = YES;
				CLANG_WARN_OBJC_ROOT_CLASS = YES_ERROR;
				CLANG_WARN_QUOTED_INCLUDE_IN_FRAMEWORK_HEADER = YES;
				CLANG_WARN_RANGE_LOOP_ANALYSIS = YES;
				CLANG_WARN_STRICT_PROTOTYPES = YES;
				CLANG_WARN_SUSPICIOUS_MOVE = YES;
				CLANG_WARN_UNGUARDED_AVAILABILITY = YES_AGGRESSIVE;
				CLANG_WARN_UNREACHABLE_CODE = YES;
				CLANG_WARN__DUPLICATE_METHOD_MATCH = YES;
				COPY_PHASE_STRIP = NO;
				DEBUG_INFORMATION_FORMAT = dwarf;
				ENABLE_STRICT_OBJC_MSGSEND = YES;
				ENABLE_TESTABILITY = YES;
				GCC_C_LANGUAGE_STANDARD = gnu11;
				GCC_DYNAMIC_NO_PIC = NO;
				GCC_NO_COMMON_BLOCKS = YES;
				GCC_OPTIMIZATION_LEVEL = 0;
				GCC_PREPROCESSOR_DEFINITIONS = (
					"DEBUG=1",
					"$(inherited)",
				);
				GCC_WARN_64_TO_32_BIT_CONVERSION = YES;
				GCC_WARN_ABOUT_RETURN_TYPE = YES_ERROR;
				GCC_WARN_UNDECLARED_SELECTOR = YES;
				GCC_WARN_UNINITIALIZED_AUTOS = YES_AGGRESSIVE;
				GCC_WARN_UNUSED_FUNCTION = YES;
				GCC_WARN_UNUSED_VARIABLE = YES;
				IPHONEOS_DEPLOYMENT_TARGET = 15.0;
				MTL_ENABLE_DEBUG_INFO = INCLUDE_SOURCE;
				MTL_FAST_MATH = YES;
				ONLY_ACTIVE_ARCH = YES;
				SDKROOT = iphoneos;
				SWIFT_ACTIVE_COMPILATION_CONDITIONS = DEBUG;
				SWIFT_OPTIMIZATION_LEVEL = "-Onone";
			};
			name = Debug;
		};
		B6CDFE78271B174D001AFBB2 /* Release */ = {
			isa = XCBuildConfiguration;
			buildSettings = {
				ALWAYS_SEARCH_USER_PATHS = NO;
				CLANG_ANALYZER_NONNULL = YES;
				CLANG_ANALYZER_NUMBER_OBJECT_CONVERSION = YES_AGGRESSIVE;
				CLANG_CXX_LANGUAGE_STANDARD = "gnu++17";
				CLANG_CXX_LIBRARY = "libc++";
				CLANG_ENABLE_MODULES = YES;
				CLANG_ENABLE_OBJC_ARC = YES;
				CLANG_ENABLE_OBJC_WEAK = YES;
				CLANG_WARN_BLOCK_CAPTURE_AUTORELEASING = YES;
				CLANG_WARN_BOOL_CONVERSION = YES;
				CLANG_WARN_COMMA = YES;
				CLANG_WARN_CONSTANT_CONVERSION = YES;
				CLANG_WARN_DEPRECATED_OBJC_IMPLEMENTATIONS = YES;
				CLANG_WARN_DIRECT_OBJC_ISA_USAGE = YES_ERROR;
				CLANG_WARN_DOCUMENTATION_COMMENTS = YES;
				CLANG_WARN_EMPTY_BODY = YES;
				CLANG_WARN_ENUM_CONVERSION = YES;
				CLANG_WARN_INFINITE_RECURSION = YES;
				CLANG_WARN_INT_CONVERSION = YES;
				CLANG_WARN_NON_LITERAL_NULL_CONVERSION = YES;
				CLANG_WARN_OBJC_IMPLICIT_RETAIN_SELF = YES;
				CLANG_WARN_OBJC_LITERAL_CONVERSION = YES;
				CLANG_WARN_OBJC_ROOT_CLASS = YES_ERROR;
				CLANG_WARN_QUOTED_INCLUDE_IN_FRAMEWORK_HEADER = YES;
				CLANG_WARN_RANGE_LOOP_ANALYSIS = YES;
				CLANG_WARN_STRICT_PROTOTYPES = YES;
				CLANG_WARN_SUSPICIOUS_MOVE = YES;
				CLANG_WARN_UNGUARDED_AVAILABILITY = YES_AGGRESSIVE;
				CLANG_WARN_UNREACHABLE_CODE = YES;
				CLANG_WARN__DUPLICATE_METHOD_MATCH = YES;
				COPY_PHASE_STRIP = NO;
				DEBUG_INFORMATION_FORMAT = "dwarf-with-dsym";
				ENABLE_NS_ASSERTIONS = NO;
				ENABLE_STRICT_OBJC_MSGSEND = YES;
				GCC_C_LANGUAGE_STANDARD = gnu11;
				GCC_NO_COMMON_BLOCKS = YES;
				GCC_WARN_64_TO_32_BIT_CONVERSION = YES;
				GCC_WARN_ABOUT_RETURN_TYPE = YES_ERROR;
				GCC_WARN_UNDECLARED_SELECTOR = YES;
				GCC_WARN_UNINITIALIZED_AUTOS = YES_AGGRESSIVE;
				GCC_WARN_UNUSED_FUNCTION = YES;
				GCC_WARN_UNUSED_VARIABLE = YES;
				IPHONEOS_DEPLOYMENT_TARGET = 15.0;
				MTL_ENABLE_DEBUG_INFO = NO;
				MTL_FAST_MATH = YES;
				SDKROOT = iphoneos;
				SWIFT_COMPILATION_MODE = wholemodule;
				SWIFT_OPTIMIZATION_LEVEL = "-O";
				VALIDATE_PRODUCT = YES;
			};
			name = Release;
		};
		B6CDFE7A271B174D001AFBB2 /* Debug */ = {
			isa = XCBuildConfiguration;
			baseConfigurationReference = CD769E24A819ECF73AA95F2A /* Pods-Networker.debug.xcconfig */;
			buildSettings = {
				ASSETCATALOG_COMPILER_APPICON_NAME = AppIcon;
				ASSETCATALOG_COMPILER_GLOBAL_ACCENT_COLOR_NAME = AccentColor;
				CODE_SIGN_STYLE = Automatic;
				CURRENT_PROJECT_VERSION = 1;
				DEVELOPMENT_TEAM = JKYU7W8LBP;
				GENERATE_INFOPLIST_FILE = YES;
				INFOPLIST_FILE = Networker/Info.plist;
				INFOPLIST_KEY_UIApplicationSupportsIndirectInputEvents = YES;
				INFOPLIST_KEY_UILaunchStoryboardName = LaunchScreen;
				INFOPLIST_KEY_UIRequiresFullScreen = YES;
				INFOPLIST_KEY_UISupportedInterfaceOrientations = "";
				INFOPLIST_KEY_UISupportedInterfaceOrientations_iPad = "UIInterfaceOrientationPortrait UIInterfaceOrientationPortraitUpsideDown UIInterfaceOrientationLandscapeLeft UIInterfaceOrientationLandscapeRight";
				INFOPLIST_KEY_UISupportedInterfaceOrientations_iPhone = "UIInterfaceOrientationPortrait UIInterfaceOrientationLandscapeLeft UIInterfaceOrientationLandscapeRight";
				LD_RUNPATH_SEARCH_PATHS = (
					"$(inherited)",
					"@executable_path/Frameworks",
				);
				MARKETING_VERSION = 1.0;
				PRODUCT_BUNDLE_IDENTIFIER = mishacausur.Networker;
				PRODUCT_NAME = "$(TARGET_NAME)";
				SWIFT_EMIT_LOC_STRINGS = YES;
				SWIFT_VERSION = 5.0;
				TARGETED_DEVICE_FAMILY = "1,2";
			};
			name = Debug;
		};
		B6CDFE7B271B174D001AFBB2 /* Release */ = {
			isa = XCBuildConfiguration;
			baseConfigurationReference = C617B084F03C11A23FACB91C /* Pods-Networker.release.xcconfig */;
			buildSettings = {
				ASSETCATALOG_COMPILER_APPICON_NAME = AppIcon;
				ASSETCATALOG_COMPILER_GLOBAL_ACCENT_COLOR_NAME = AccentColor;
				CODE_SIGN_STYLE = Automatic;
				CURRENT_PROJECT_VERSION = 1;
				DEVELOPMENT_TEAM = JKYU7W8LBP;
				GENERATE_INFOPLIST_FILE = YES;
				INFOPLIST_FILE = Networker/Info.plist;
				INFOPLIST_KEY_UIApplicationSupportsIndirectInputEvents = YES;
				INFOPLIST_KEY_UILaunchStoryboardName = LaunchScreen;
				INFOPLIST_KEY_UIRequiresFullScreen = YES;
				INFOPLIST_KEY_UISupportedInterfaceOrientations = "";
				INFOPLIST_KEY_UISupportedInterfaceOrientations_iPad = "UIInterfaceOrientationPortrait UIInterfaceOrientationPortraitUpsideDown UIInterfaceOrientationLandscapeLeft UIInterfaceOrientationLandscapeRight";
				INFOPLIST_KEY_UISupportedInterfaceOrientations_iPhone = "UIInterfaceOrientationPortrait UIInterfaceOrientationLandscapeLeft UIInterfaceOrientationLandscapeRight";
				LD_RUNPATH_SEARCH_PATHS = (
					"$(inherited)",
					"@executable_path/Frameworks",
				);
				MARKETING_VERSION = 1.0;
				PRODUCT_BUNDLE_IDENTIFIER = mishacausur.Networker;
				PRODUCT_NAME = "$(TARGET_NAME)";
				SWIFT_EMIT_LOC_STRINGS = YES;
				SWIFT_VERSION = 5.0;
				TARGETED_DEVICE_FAMILY = "1,2";
			};
			name = Release;
		};
/* End XCBuildConfiguration section */

/* Begin XCConfigurationList section */
		B6CDFE60271B174C001AFBB2 /* Build configuration list for PBXProject "Networker" */ = {
			isa = XCConfigurationList;
			buildConfigurations = (
				B6CDFE77271B174D001AFBB2 /* Debug */,
				B6CDFE78271B174D001AFBB2 /* Release */,
			);
			defaultConfigurationIsVisible = 0;
			defaultConfigurationName = Release;
		};
		B6CDFE79271B174D001AFBB2 /* Build configuration list for PBXNativeTarget "Networker" */ = {
			isa = XCConfigurationList;
			buildConfigurations = (
				B6CDFE7A271B174D001AFBB2 /* Debug */,
				B6CDFE7B271B174D001AFBB2 /* Release */,
			);
			defaultConfigurationIsVisible = 0;
			defaultConfigurationName = Release;
		};
/* End XCConfigurationList section */
	};
	rootObject = B6CDFE5D271B174C001AFBB2 /* Project object */;
}
